PODS:
  - Alamofire (4.7.2)
  - Cache (5.0.0)
  - HandyJSON (4.1.1)
  - Moya (11.0.2):
    - Moya/Core (= 11.0.2)
  - Moya/Core (11.0.2):
    - Alamofire (~> 4.1)
    - Result (~> 3.0)
  - Result (3.2.4)
  - RxSwift (4.2.0)
  - SwiftyJSON (4.1.0)
  - WCDB.swift (1.0.6.2):
    - WCDB.swift/sqlcipher (= 1.0.6.2)
  - WCDB.swift/sqlcipher (1.0.6.2)

DEPENDENCIES:
  - Alamofire
  - Cache
  - HandyJSON
  - Moya
  - RxSwift
  - SwiftyJSON
  - WCDB.swift

SPEC REPOS:
  https://github.com/cocoapods/specs.git:
    - Alamofire
    - Cache
    - HandyJSON
    - Moya
    - Result
    - RxSwift
    - SwiftyJSON
    - WCDB.swift

SPEC CHECKSUMS:
  Alamofire: e4fa87002c137ba2d8d634d2c51fabcda0d5c223
  Cache: fae4826ba52d7a5d9a3a0ad6fe73e3501a82964f
  HandyJSON: 3a3de917c4118767ffe41c29b5acba23409649f4
  Moya: a725035953bc1c0eb1be505ab903984501d82440
  Result: d2d07204ce72856f1fd9130bbe42c35a7b0fea10
  RxSwift: 99e10317ddfcc7fbe01356aafd118fde4a0be104
  SwiftyJSON: c29297daf073d2aa016295d5809cdd68045c39b3
  WCDB.swift: 4f0f3e19085546ef85a69b5087ec5e1dec0f88b1

PODFILE CHECKSUM: c9bf897159ebf653b406d1d1cbec8a42b5d17c73

COCOAPODS: 1.5.3
