// !$*UTF8*$!
{
	archiveVersion = 1;
	classes = {
	};
	objectVersion = 50;
	objects = {

/* Begin PBXBuildFile section */
		B707D7B820E6409500181227 /* UIStyle.swift in Sources */ = {isa = PBXBuildFile; fileRef = B707D7B720E6409500181227 /* UIStyle.swift */; };
		B709C32820E9D79F00B6CC83 /* BEUITableViewController.swift in Sources */ = {isa = PBXBuildFile; fileRef = B709C32720E9D79F00B6CC83 /* BEUITableViewController.swift */; };
		B709C32A20E9F8D300B6CC83 /* BEUITableView.swift in Sources */ = {isa = PBXBuildFile; fileRef = B709C32920E9F8D300B6CC83 /* BEUITableView.swift */; };
		B709C34920EA365000B6CC83 /* CacheCore.swift in Sources */ = {isa = PBXBuildFile; fileRef = B709C32E20EA365000B6CC83 /* CacheCore.swift */; };
		B709C34A20EA365000B6CC83 /* TaskEx.swift in Sources */ = {isa = PBXBuildFile; fileRef = B709C33020EA365000B6CC83 /* TaskEx.swift */; };
		B709C34B20EA365000B6CC83 /* CoreError.swift in Sources */ = {isa = PBXBuildFile; fileRef = B709C33120EA365000B6CC83 /* CoreError.swift */; };
		B709C34C20EA365000B6CC83 /* Config.swift in Sources */ = {isa = PBXBuildFile; fileRef = B709C33220EA365000B6CC83 /* Config.swift */; };
		B709C34D20EA365000B6CC83 /* Bean.swift in Sources */ = {isa = PBXBuildFile; fileRef = B709C33320EA365000B6CC83 /* Bean.swift */; };
		B709C34F20EA365000B6CC83 /* Core.swift in Sources */ = {isa = PBXBuildFile; fileRef = B709C33520EA365000B6CC83 /* Core.swift */; };
		B709C35020EA365000B6CC83 /* CachePolicy.swift in Sources */ = {isa = PBXBuildFile; fileRef = B709C33620EA365000B6CC83 /* CachePolicy.swift */; };
		B709C35120EA365000B6CC83 /* ObservableExtension.swift in Sources */ = {isa = PBXBuildFile; fileRef = B709C33820EA365000B6CC83 /* ObservableExtension.swift */; };
		B709C35220EA365100B6CC83 /* MoyaProviderExtension.swift in Sources */ = {isa = PBXBuildFile; fileRef = B709C33920EA365000B6CC83 /* MoyaProviderExtension.swift */; };
		B709C35320EA365100B6CC83 /* DictionaryExtension.swift in Sources */ = {isa = PBXBuildFile; fileRef = B709C33A20EA365000B6CC83 /* DictionaryExtension.swift */; };
		B709C35420EA365100B6CC83 /* Enum.swift in Sources */ = {isa = PBXBuildFile; fileRef = B709C33D20EA365000B6CC83 /* Enum.swift */; };
		B709C35520EA365100B6CC83 /* CachePlugin.swift in Sources */ = {isa = PBXBuildFile; fileRef = B709C34020EA365000B6CC83 /* CachePlugin.swift */; };
		B709C35620EA365100B6CC83 /* PreparePlugin.swift in Sources */ = {isa = PBXBuildFile; fileRef = B709C34220EA365000B6CC83 /* PreparePlugin.swift */; };
		B709C35720EA365100B6CC83 /* LogPlugin.swift in Sources */ = {isa = PBXBuildFile; fileRef = B709C34420EA365000B6CC83 /* LogPlugin.swift */; };
		B709C35820EA365100B6CC83 /* PreludePlugin.swift in Sources */ = {isa = PBXBuildFile; fileRef = B709C34620EA365000B6CC83 /* PreludePlugin.swift */; };
		B709C35920EA365100B6CC83 /* ProcessPlugin.swift in Sources */ = {isa = PBXBuildFile; fileRef = B709C34820EA365000B6CC83 /* ProcessPlugin.swift */; };
		B73CB83C20E6353700151982 /* Service.swift in Sources */ = {isa = PBXBuildFile; fileRef = B73CB82F20E6353600151982 /* Service.swift */; };
		B73CB83D20E6353700151982 /* Event.swift in Sources */ = {isa = PBXBuildFile; fileRef = B73CB83020E6353600151982 /* Event.swift */; };
		B73CB83E20E6353700151982 /* ModuleDelegate.swift in Sources */ = {isa = PBXBuildFile; fileRef = B73CB83120E6353600151982 /* ModuleDelegate.swift */; };
		B73CB83F20E6353700151982 /* ModuleLoader.swift in Sources */ = {isa = PBXBuildFile; fileRef = B73CB83220E6353600151982 /* ModuleLoader.swift */; };
		B73CB84020E6353700151982 /* ServiceManager.swift in Sources */ = {isa = PBXBuildFile; fileRef = B73CB83320E6353600151982 /* ServiceManager.swift */; };
		B73CB84120E6353700151982 /* ModuleService.swift in Sources */ = {isa = PBXBuildFile; fileRef = B73CB83420E6353600151982 /* ModuleService.swift */; };
		B73CB84220E6353700151982 /* Context.swift in Sources */ = {isa = PBXBuildFile; fileRef = B73CB83520E6353600151982 /* Context.swift */; };
		B73CB84320E6353700151982 /* ServiceError.swift in Sources */ = {isa = PBXBuildFile; fileRef = B73CB83620E6353700151982 /* ServiceError.swift */; };
		B73CB84420E6353700151982 /* ModuleConfig.swift in Sources */ = {isa = PBXBuildFile; fileRef = B73CB83720E6353700151982 /* ModuleConfig.swift */; };
		B73CB84520E6353700151982 /* ModuleManager.swift in Sources */ = {isa = PBXBuildFile; fileRef = B73CB83820E6353700151982 /* ModuleManager.swift */; };
		B73CB84620E6353700151982 /* ModuleLogger.swift in Sources */ = {isa = PBXBuildFile; fileRef = B73CB83920E6353700151982 /* ModuleLogger.swift */; };
		B73CB84720E6353700151982 /* Module.swift in Sources */ = {isa = PBXBuildFile; fileRef = B73CB83A20E6353700151982 /* Module.swift */; };
		B73CB84820E6353700151982 /* ModuleError.swift in Sources */ = {isa = PBXBuildFile; fileRef = B73CB83B20E6353700151982 /* ModuleError.swift */; };
		B74D211D20E1DBB7007DE688 /* AppDelegate.swift in Sources */ = {isa = PBXBuildFile; fileRef = B74D211C20E1DBB7007DE688 /* AppDelegate.swift */; };
		B74D212220E1DBB7007DE688 /* Main.storyboard in Resources */ = {isa = PBXBuildFile; fileRef = B74D212020E1DBB7007DE688 /* Main.storyboard */; };
		B74D212420E1DBB8007DE688 /* Assets.xcassets in Resources */ = {isa = PBXBuildFile; fileRef = B74D212320E1DBB8007DE688 /* Assets.xcassets */; };
		B74D212720E1DBB8007DE688 /* LaunchScreen.storyboard in Resources */ = {isa = PBXBuildFile; fileRef = B74D212520E1DBB8007DE688 /* LaunchScreen.storyboard */; };
		B74D213220E1DBB9007DE688 /* BubblesTests.swift in Sources */ = {isa = PBXBuildFile; fileRef = B74D213120E1DBB9007DE688 /* BubblesTests.swift */; };
		B74D213D20E1DBB9007DE688 /* BubblesUITests.swift in Sources */ = {isa = PBXBuildFile; fileRef = B74D213C20E1DBB9007DE688 /* BubblesUITests.swift */; };
		B7967A1520F3682E008F4445 /* HomeScene.swift in Sources */ = {isa = PBXBuildFile; fileRef = B7967A1420F3682D008F4445 /* HomeScene.swift */; };
		B7967A1720F3685B008F4445 /* HomeNavbarDateView.swift in Sources */ = {isa = PBXBuildFile; fileRef = B7967A1620F3685B008F4445 /* HomeNavbarDateView.swift */; };
		B7967A1920F36E58008F4445 /* HomeCollectionCell.swift in Sources */ = {isa = PBXBuildFile; fileRef = B7967A1820F36E58008F4445 /* HomeCollectionCell.swift */; };
		B7D6A41C20EB508A00846465 /* Checker.swift in Sources */ = {isa = PBXBuildFile; fileRef = B7D6A41B20EB508A00846465 /* Checker.swift */; };
		B7D6A41E20EB509B00846465 /* CheckerFactory.swift in Sources */ = {isa = PBXBuildFile; fileRef = B7D6A41D20EB509B00846465 /* CheckerFactory.swift */; };
		B7E4470B20E634A2006BF016 /* BEUINavigationController.swift in Sources */ = {isa = PBXBuildFile; fileRef = B7E446FC20E634A2006BF016 /* BEUINavigationController.swift */; };
		B7E4470C20E634A2006BF016 /* BEUIViewController.swift in Sources */ = {isa = PBXBuildFile; fileRef = B7E446FD20E634A2006BF016 /* BEUIViewController.swift */; };
		B7E4470D20E634A2006BF016 /* BEUINavigationBarTransition.swift in Sources */ = {isa = PBXBuildFile; fileRef = B7E4470020E634A2006BF016 /* BEUINavigationBarTransition.swift */; };
		B7E4470E20E634A2006BF016 /* BEUINavigationTitleView.swift in Sources */ = {isa = PBXBuildFile; fileRef = B7E4470220E634A2006BF016 /* BEUINavigationTitleView.swift */; };
		B7E4470F20E634A2006BF016 /* BEUINavigationBarAppearance.swift in Sources */ = {isa = PBXBuildFile; fileRef = B7E4470420E634A2006BF016 /* BEUINavigationBarAppearance.swift */; };
		B7E4471020E634A2006BF016 /* BEUIStyle.swift in Sources */ = {isa = PBXBuildFile; fileRef = B7E4470620E634A2006BF016 /* BEUIStyle.swift */; };
		B7E4471120E634A2006BF016 /* BEUIConfiguration.swift in Sources */ = {isa = PBXBuildFile; fileRef = B7E4470720E634A2006BF016 /* BEUIConfiguration.swift */; };
		B7E4471220E634A2006BF016 /* UIImage.swift in Sources */ = {isa = PBXBuildFile; fileRef = B7E4470920E634A2006BF016 /* UIImage.swift */; };
		CB08673520E685AB00BCEBEF /* BEUITabBarController.swift in Sources */ = {isa = PBXBuildFile; fileRef = CB08673420E685AB00BCEBEF /* BEUITabBarController.swift */; };
		E137AC533860EFA511A10C6B /* Pods_Bubbles.framework in Frameworks */ = {isa = PBXBuildFile; fileRef = 8868816964AD217FF60CF83B /* Pods_Bubbles.framework */; };
/* End PBXBuildFile section */

/* Begin PBXContainerItemProxy section */
		B74D212E20E1DBB9007DE688 /* PBXContainerItemProxy */ = {
			isa = PBXContainerItemProxy;
			containerPortal = B74D211120E1DBB7007DE688 /* Project object */;
			proxyType = 1;
			remoteGlobalIDString = B74D211820E1DBB7007DE688;
			remoteInfo = Bubbles;
		};
		B74D213920E1DBB9007DE688 /* PBXContainerItemProxy */ = {
			isa = PBXContainerItemProxy;
			containerPortal = B74D211120E1DBB7007DE688 /* Project object */;
			proxyType = 1;
			remoteGlobalIDString = B74D211820E1DBB7007DE688;
			remoteInfo = Bubbles;
		};
/* End PBXContainerItemProxy section */

/* Begin PBXFileReference section */
		4448D3C7208CD2E352674AB3 /* Pods-Bubbles.debug.xcconfig */ = {isa = PBXFileReference; includeInIndex = 1; lastKnownFileType = text.xcconfig; name = "Pods-Bubbles.debug.xcconfig"; path = "Pods/Target Support Files/Pods-Bubbles/Pods-Bubbles.debug.xcconfig"; sourceTree = "<group>"; };
		6FA7B69225077F5056EB39D5 /* Pods-Bubbles.release.xcconfig */ = {isa = PBXFileReference; includeInIndex = 1; lastKnownFileType = text.xcconfig; name = "Pods-Bubbles.release.xcconfig"; path = "Pods/Target Support Files/Pods-Bubbles/Pods-Bubbles.release.xcconfig"; sourceTree = "<group>"; };
		8868816964AD217FF60CF83B /* Pods_Bubbles.framework */ = {isa = PBXFileReference; explicitFileType = wrapper.framework; includeInIndex = 0; path = Pods_Bubbles.framework; sourceTree = BUILT_PRODUCTS_DIR; };
		B707D7B720E6409500181227 /* UIStyle.swift */ = {isa = PBXFileReference; lastKnownFileType = sourcecode.swift; path = UIStyle.swift; sourceTree = "<group>"; };
		B709C32720E9D79F00B6CC83 /* BEUITableViewController.swift */ = {isa = PBXFileReference; lastKnownFileType = sourcecode.swift; path = BEUITableViewController.swift; sourceTree = "<group>"; };
		B709C32920E9F8D300B6CC83 /* BEUITableView.swift */ = {isa = PBXFileReference; lastKnownFileType = sourcecode.swift; path = BEUITableView.swift; sourceTree = "<group>"; };
		B709C32E20EA365000B6CC83 /* CacheCore.swift */ = {isa = PBXFileReference; fileEncoding = 4; lastKnownFileType = sourcecode.swift; path = CacheCore.swift; sourceTree = "<group>"; };
		B709C33020EA365000B6CC83 /* TaskEx.swift */ = {isa = PBXFileReference; fileEncoding = 4; lastKnownFileType = sourcecode.swift; path = TaskEx.swift; sourceTree = "<group>"; };
		B709C33120EA365000B6CC83 /* CoreError.swift */ = {isa = PBXFileReference; fileEncoding = 4; lastKnownFileType = sourcecode.swift; path = CoreError.swift; sourceTree = "<group>"; };
		B709C33220EA365000B6CC83 /* Config.swift */ = {isa = PBXFileReference; fileEncoding = 4; lastKnownFileType = sourcecode.swift; path = Config.swift; sourceTree = "<group>"; };
		B709C33320EA365000B6CC83 /* Bean.swift */ = {isa = PBXFileReference; fileEncoding = 4; lastKnownFileType = sourcecode.swift; path = Bean.swift; sourceTree = "<group>"; };
		B709C33520EA365000B6CC83 /* Core.swift */ = {isa = PBXFileReference; fileEncoding = 4; lastKnownFileType = sourcecode.swift; path = Core.swift; sourceTree = "<group>"; };
		B709C33620EA365000B6CC83 /* CachePolicy.swift */ = {isa = PBXFileReference; fileEncoding = 4; lastKnownFileType = sourcecode.swift; path = CachePolicy.swift; sourceTree = "<group>"; };
		B709C33820EA365000B6CC83 /* ObservableExtension.swift */ = {isa = PBXFileReference; fileEncoding = 4; lastKnownFileType = sourcecode.swift; path = ObservableExtension.swift; sourceTree = "<group>"; };
		B709C33920EA365000B6CC83 /* MoyaProviderExtension.swift */ = {isa = PBXFileReference; fileEncoding = 4; lastKnownFileType = sourcecode.swift; path = MoyaProviderExtension.swift; sourceTree = "<group>"; };
		B709C33A20EA365000B6CC83 /* DictionaryExtension.swift */ = {isa = PBXFileReference; fileEncoding = 4; lastKnownFileType = sourcecode.swift; path = DictionaryExtension.swift; sourceTree = "<group>"; };
		B709C33D20EA365000B6CC83 /* Enum.swift */ = {isa = PBXFileReference; fileEncoding = 4; lastKnownFileType = sourcecode.swift; path = Enum.swift; sourceTree = "<group>"; };
		B709C34020EA365000B6CC83 /* CachePlugin.swift */ = {isa = PBXFileReference; fileEncoding = 4; lastKnownFileType = sourcecode.swift; path = CachePlugin.swift; sourceTree = "<group>"; };
		B709C34220EA365000B6CC83 /* PreparePlugin.swift */ = {isa = PBXFileReference; fileEncoding = 4; lastKnownFileType = sourcecode.swift; path = PreparePlugin.swift; sourceTree = "<group>"; };
		B709C34420EA365000B6CC83 /* LogPlugin.swift */ = {isa = PBXFileReference; fileEncoding = 4; lastKnownFileType = sourcecode.swift; path = LogPlugin.swift; sourceTree = "<group>"; };
		B709C34620EA365000B6CC83 /* PreludePlugin.swift */ = {isa = PBXFileReference; fileEncoding = 4; lastKnownFileType = sourcecode.swift; path = PreludePlugin.swift; sourceTree = "<group>"; };
		B709C34820EA365000B6CC83 /* ProcessPlugin.swift */ = {isa = PBXFileReference; fileEncoding = 4; lastKnownFileType = sourcecode.swift; path = ProcessPlugin.swift; sourceTree = "<group>"; };
		B73CB82F20E6353600151982 /* Service.swift */ = {isa = PBXFileReference; fileEncoding = 4; lastKnownFileType = sourcecode.swift; path = Service.swift; sourceTree = "<group>"; };
		B73CB83020E6353600151982 /* Event.swift */ = {isa = PBXFileReference; fileEncoding = 4; lastKnownFileType = sourcecode.swift; path = Event.swift; sourceTree = "<group>"; };
		B73CB83120E6353600151982 /* ModuleDelegate.swift */ = {isa = PBXFileReference; fileEncoding = 4; lastKnownFileType = sourcecode.swift; path = ModuleDelegate.swift; sourceTree = "<group>"; };
		B73CB83220E6353600151982 /* ModuleLoader.swift */ = {isa = PBXFileReference; fileEncoding = 4; lastKnownFileType = sourcecode.swift; path = ModuleLoader.swift; sourceTree = "<group>"; };
		B73CB83320E6353600151982 /* ServiceManager.swift */ = {isa = PBXFileReference; fileEncoding = 4; lastKnownFileType = sourcecode.swift; path = ServiceManager.swift; sourceTree = "<group>"; };
		B73CB83420E6353600151982 /* ModuleService.swift */ = {isa = PBXFileReference; fileEncoding = 4; lastKnownFileType = sourcecode.swift; path = ModuleService.swift; sourceTree = "<group>"; };
		B73CB83520E6353600151982 /* Context.swift */ = {isa = PBXFileReference; fileEncoding = 4; lastKnownFileType = sourcecode.swift; path = Context.swift; sourceTree = "<group>"; };
		B73CB83620E6353700151982 /* ServiceError.swift */ = {isa = PBXFileReference; fileEncoding = 4; lastKnownFileType = sourcecode.swift; path = ServiceError.swift; sourceTree = "<group>"; };
		B73CB83720E6353700151982 /* ModuleConfig.swift */ = {isa = PBXFileReference; fileEncoding = 4; lastKnownFileType = sourcecode.swift; path = ModuleConfig.swift; sourceTree = "<group>"; };
		B73CB83820E6353700151982 /* ModuleManager.swift */ = {isa = PBXFileReference; fileEncoding = 4; lastKnownFileType = sourcecode.swift; path = ModuleManager.swift; sourceTree = "<group>"; };
		B73CB83920E6353700151982 /* ModuleLogger.swift */ = {isa = PBXFileReference; fileEncoding = 4; lastKnownFileType = sourcecode.swift; path = ModuleLogger.swift; sourceTree = "<group>"; };
		B73CB83A20E6353700151982 /* Module.swift */ = {isa = PBXFileReference; fileEncoding = 4; lastKnownFileType = sourcecode.swift; path = Module.swift; sourceTree = "<group>"; };
		B73CB83B20E6353700151982 /* ModuleError.swift */ = {isa = PBXFileReference; fileEncoding = 4; lastKnownFileType = sourcecode.swift; path = ModuleError.swift; sourceTree = "<group>"; };
		B73CB84920E63A5200151982 /* Bubbles.entitlements */ = {isa = PBXFileReference; lastKnownFileType = text.plist.entitlements; path = Bubbles.entitlements; sourceTree = "<group>"; };
		B74D211920E1DBB7007DE688 /* Bubbles.app */ = {isa = PBXFileReference; explicitFileType = wrapper.application; includeInIndex = 0; path = Bubbles.app; sourceTree = BUILT_PRODUCTS_DIR; };
		B74D211C20E1DBB7007DE688 /* AppDelegate.swift */ = {isa = PBXFileReference; lastKnownFileType = sourcecode.swift; path = AppDelegate.swift; sourceTree = "<group>"; };
		B74D212120E1DBB7007DE688 /* Base */ = {isa = PBXFileReference; lastKnownFileType = file.storyboard; name = Base; path = Base.lproj/Main.storyboard; sourceTree = "<group>"; };
		B74D212320E1DBB8007DE688 /* Assets.xcassets */ = {isa = PBXFileReference; lastKnownFileType = folder.assetcatalog; path = Assets.xcassets; sourceTree = "<group>"; };
		B74D212620E1DBB8007DE688 /* Base */ = {isa = PBXFileReference; lastKnownFileType = file.storyboard; name = Base; path = Base.lproj/LaunchScreen.storyboard; sourceTree = "<group>"; };
		B74D212820E1DBB8007DE688 /* Info.plist */ = {isa = PBXFileReference; lastKnownFileType = text.plist.xml; path = Info.plist; sourceTree = "<group>"; };
		B74D212D20E1DBB9007DE688 /* BubblesTests.xctest */ = {isa = PBXFileReference; explicitFileType = wrapper.cfbundle; includeInIndex = 0; path = BubblesTests.xctest; sourceTree = BUILT_PRODUCTS_DIR; };
		B74D213120E1DBB9007DE688 /* BubblesTests.swift */ = {isa = PBXFileReference; lastKnownFileType = sourcecode.swift; path = BubblesTests.swift; sourceTree = "<group>"; };
		B74D213320E1DBB9007DE688 /* Info.plist */ = {isa = PBXFileReference; lastKnownFileType = text.plist.xml; path = Info.plist; sourceTree = "<group>"; };
		B74D213820E1DBB9007DE688 /* BubblesUITests.xctest */ = {isa = PBXFileReference; explicitFileType = wrapper.cfbundle; includeInIndex = 0; path = BubblesUITests.xctest; sourceTree = BUILT_PRODUCTS_DIR; };
		B74D213C20E1DBB9007DE688 /* BubblesUITests.swift */ = {isa = PBXFileReference; lastKnownFileType = sourcecode.swift; path = BubblesUITests.swift; sourceTree = "<group>"; };
		B74D213E20E1DBB9007DE688 /* Info.plist */ = {isa = PBXFileReference; lastKnownFileType = text.plist.xml; path = Info.plist; sourceTree = "<group>"; };
		B7967A1420F3682D008F4445 /* HomeScene.swift */ = {isa = PBXFileReference; fileEncoding = 4; lastKnownFileType = sourcecode.swift; path = HomeScene.swift; sourceTree = "<group>"; };
		B7967A1620F3685B008F4445 /* HomeNavbarDateView.swift */ = {isa = PBXFileReference; lastKnownFileType = sourcecode.swift; path = HomeNavbarDateView.swift; sourceTree = "<group>"; };
		B7967A1820F36E58008F4445 /* HomeCollectionCell.swift */ = {isa = PBXFileReference; lastKnownFileType = sourcecode.swift; path = HomeCollectionCell.swift; sourceTree = "<group>"; };
		B7D6A41B20EB508A00846465 /* Checker.swift */ = {isa = PBXFileReference; lastKnownFileType = sourcecode.swift; path = Checker.swift; sourceTree = "<group>"; };
		B7D6A41D20EB509B00846465 /* CheckerFactory.swift */ = {isa = PBXFileReference; lastKnownFileType = sourcecode.swift; path = CheckerFactory.swift; sourceTree = "<group>"; };
		B7E446FC20E634A2006BF016 /* BEUINavigationController.swift */ = {isa = PBXFileReference; fileEncoding = 4; lastKnownFileType = sourcecode.swift; path = BEUINavigationController.swift; sourceTree = "<group>"; };
		B7E446FD20E634A2006BF016 /* BEUIViewController.swift */ = {isa = PBXFileReference; fileEncoding = 4; lastKnownFileType = sourcecode.swift; path = BEUIViewController.swift; sourceTree = "<group>"; };
		B7E4470020E634A2006BF016 /* BEUINavigationBarTransition.swift */ = {isa = PBXFileReference; fileEncoding = 4; lastKnownFileType = sourcecode.swift; path = BEUINavigationBarTransition.swift; sourceTree = "<group>"; };
		B7E4470220E634A2006BF016 /* BEUINavigationTitleView.swift */ = {isa = PBXFileReference; fileEncoding = 4; lastKnownFileType = sourcecode.swift; path = BEUINavigationTitleView.swift; sourceTree = "<group>"; };
		B7E4470420E634A2006BF016 /* BEUINavigationBarAppearance.swift */ = {isa = PBXFileReference; fileEncoding = 4; lastKnownFileType = sourcecode.swift; path = BEUINavigationBarAppearance.swift; sourceTree = "<group>"; };
		B7E4470620E634A2006BF016 /* BEUIStyle.swift */ = {isa = PBXFileReference; fileEncoding = 4; lastKnownFileType = sourcecode.swift; path = BEUIStyle.swift; sourceTree = "<group>"; };
		B7E4470720E634A2006BF016 /* BEUIConfiguration.swift */ = {isa = PBXFileReference; fileEncoding = 4; lastKnownFileType = sourcecode.swift; path = BEUIConfiguration.swift; sourceTree = "<group>"; };
		B7E4470920E634A2006BF016 /* UIImage.swift */ = {isa = PBXFileReference; fileEncoding = 4; lastKnownFileType = sourcecode.swift; path = UIImage.swift; sourceTree = "<group>"; };
		CB08673420E685AB00BCEBEF /* BEUITabBarController.swift */ = {isa = PBXFileReference; lastKnownFileType = sourcecode.swift; path = BEUITabBarController.swift; sourceTree = "<group>"; };
/* End PBXFileReference section */

/* Begin PBXFrameworksBuildPhase section */
		B74D211620E1DBB7007DE688 /* Frameworks */ = {
			isa = PBXFrameworksBuildPhase;
			buildActionMask = 2147483647;
			files = (
				E137AC533860EFA511A10C6B /* Pods_Bubbles.framework in Frameworks */,
			);
			runOnlyForDeploymentPostprocessing = 0;
		};
		B74D212A20E1DBB9007DE688 /* Frameworks */ = {
			isa = PBXFrameworksBuildPhase;
			buildActionMask = 2147483647;
			files = (
			);
			runOnlyForDeploymentPostprocessing = 0;
		};
		B74D213520E1DBB9007DE688 /* Frameworks */ = {
			isa = PBXFrameworksBuildPhase;
			buildActionMask = 2147483647;
			files = (
			);
			runOnlyForDeploymentPostprocessing = 0;
		};
/* End PBXFrameworksBuildPhase section */

/* Begin PBXGroup section */
		26F4A4435B6B38A86D532F34 /* Frameworks */ = {
			isa = PBXGroup;
			children = (
				8868816964AD217FF60CF83B /* Pods_Bubbles.framework */,
			);
			name = Frameworks;
			sourceTree = "<group>";
		};
		8E580929CD2C0A5E2C52B441 /* Pods */ = {
			isa = PBXGroup;
			children = (
				4448D3C7208CD2E352674AB3 /* Pods-Bubbles.debug.xcconfig */,
				6FA7B69225077F5056EB39D5 /* Pods-Bubbles.release.xcconfig */,
			);
			name = Pods;
			sourceTree = "<group>";
		};
		B707D7B520E6405700181227 /* Configuration */ = {
			isa = PBXGroup;
			children = (
				B707D7B620E6405700181227 /* UI */,
			);
			path = Configuration;
			sourceTree = "<group>";
		};
		B707D7B620E6405700181227 /* UI */ = {
			isa = PBXGroup;
			children = (
				B707D7B720E6409500181227 /* UIStyle.swift */,
			);
			path = UI;
			sourceTree = "<group>";
		};
		B709C32B20EA365000B6CC83 /* BENetwork */ = {
			isa = PBXGroup;
			children = (
				B709C32C20EA365000B6CC83 /* Tools */,
				B709C32F20EA365000B6CC83 /* Core */,
				B709C33720EA365000B6CC83 /* Extension */,
				B709C33B20EA365000B6CC83 /* Suppurt */,
				B709C33E20EA365000B6CC83 /* Plugins */,
			);
			path = BENetwork;
			sourceTree = "<group>";
		};
		B709C32C20EA365000B6CC83 /* Tools */ = {
			isa = PBXGroup;
			children = (
				B7D6A41A20EB507E00846465 /* Checker */,
				B709C32D20EA365000B6CC83 /* Cache */,
			);
			path = Tools;
			sourceTree = "<group>";
		};
		B709C32D20EA365000B6CC83 /* Cache */ = {
			isa = PBXGroup;
			children = (
				B709C32E20EA365000B6CC83 /* CacheCore.swift */,
			);
			path = Cache;
			sourceTree = "<group>";
		};
		B709C32F20EA365000B6CC83 /* Core */ = {
			isa = PBXGroup;
			children = (
				B709C33320EA365000B6CC83 /* Bean.swift */,
				B709C33620EA365000B6CC83 /* CachePolicy.swift */,
				B709C33220EA365000B6CC83 /* Config.swift */,
				B709C33520EA365000B6CC83 /* Core.swift */,
				B709C33120EA365000B6CC83 /* CoreError.swift */,
				B709C33020EA365000B6CC83 /* TaskEx.swift */,
			);
			path = Core;
			sourceTree = "<group>";
		};
		B709C33720EA365000B6CC83 /* Extension */ = {
			isa = PBXGroup;
			children = (
				B709C33820EA365000B6CC83 /* ObservableExtension.swift */,
				B709C33920EA365000B6CC83 /* MoyaProviderExtension.swift */,
				B709C33A20EA365000B6CC83 /* DictionaryExtension.swift */,
			);
			path = Extension;
			sourceTree = "<group>";
		};
		B709C33B20EA365000B6CC83 /* Suppurt */ = {
			isa = PBXGroup;
			children = (
				B709C33C20EA365000B6CC83 /* Enum */,
			);
			path = Suppurt;
			sourceTree = "<group>";
		};
		B709C33C20EA365000B6CC83 /* Enum */ = {
			isa = PBXGroup;
			children = (
				B709C33D20EA365000B6CC83 /* Enum.swift */,
			);
			path = Enum;
			sourceTree = "<group>";
		};
		B709C33E20EA365000B6CC83 /* Plugins */ = {
			isa = PBXGroup;
			children = (
				B709C33F20EA365000B6CC83 /* Cache */,
				B709C34120EA365000B6CC83 /* Prepare */,
				B709C34320EA365000B6CC83 /* Log */,
				B709C34520EA365000B6CC83 /* Prelude */,
				B709C34720EA365000B6CC83 /* Process */,
			);
			path = Plugins;
			sourceTree = "<group>";
		};
		B709C33F20EA365000B6CC83 /* Cache */ = {
			isa = PBXGroup;
			children = (
				B709C34020EA365000B6CC83 /* CachePlugin.swift */,
			);
			path = Cache;
			sourceTree = "<group>";
		};
		B709C34120EA365000B6CC83 /* Prepare */ = {
			isa = PBXGroup;
			children = (
				B709C34220EA365000B6CC83 /* PreparePlugin.swift */,
			);
			path = Prepare;
			sourceTree = "<group>";
		};
		B709C34320EA365000B6CC83 /* Log */ = {
			isa = PBXGroup;
			children = (
				B709C34420EA365000B6CC83 /* LogPlugin.swift */,
			);
			path = Log;
			sourceTree = "<group>";
		};
		B709C34520EA365000B6CC83 /* Prelude */ = {
			isa = PBXGroup;
			children = (
				B709C34620EA365000B6CC83 /* PreludePlugin.swift */,
			);
			path = Prelude;
			sourceTree = "<group>";
		};
		B709C34720EA365000B6CC83 /* Process */ = {
			isa = PBXGroup;
			children = (
				B709C34820EA365000B6CC83 /* ProcessPlugin.swift */,
			);
			path = Process;
			sourceTree = "<group>";
		};
		B73CB82E20E6353600151982 /* BEModule */ = {
			isa = PBXGroup;
			children = (
				B73CB83520E6353600151982 /* Context.swift */,
				B73CB83020E6353600151982 /* Event.swift */,
				B73CB83A20E6353700151982 /* Module.swift */,
				B73CB83720E6353700151982 /* ModuleConfig.swift */,
				B73CB83120E6353600151982 /* ModuleDelegate.swift */,
				B73CB83B20E6353700151982 /* ModuleError.swift */,
				B73CB83220E6353600151982 /* ModuleLoader.swift */,
				B73CB83920E6353700151982 /* ModuleLogger.swift */,
				B73CB83820E6353700151982 /* ModuleManager.swift */,
				B73CB83420E6353600151982 /* ModuleService.swift */,
				B73CB82F20E6353600151982 /* Service.swift */,
				B73CB83620E6353700151982 /* ServiceError.swift */,
				B73CB83320E6353600151982 /* ServiceManager.swift */,
			);
			path = BEModule;
			sourceTree = "<group>";
		};
		B74D211020E1DBB7007DE688 = {
			isa = PBXGroup;
			children = (
				B74D211B20E1DBB7007DE688 /* Bubbles */,
				B74D213020E1DBB9007DE688 /* BubblesTests */,
				B74D213B20E1DBB9007DE688 /* BubblesUITests */,
				B74D211A20E1DBB7007DE688 /* Products */,
				8E580929CD2C0A5E2C52B441 /* Pods */,
				26F4A4435B6B38A86D532F34 /* Frameworks */,
			);
			sourceTree = "<group>";
		};
		B74D211A20E1DBB7007DE688 /* Products */ = {
			isa = PBXGroup;
			children = (
				B74D211920E1DBB7007DE688 /* Bubbles.app */,
				B74D212D20E1DBB9007DE688 /* BubblesTests.xctest */,
				B74D213820E1DBB9007DE688 /* BubblesUITests.xctest */,
			);
			name = Products;
			sourceTree = "<group>";
		};
		B74D211B20E1DBB7007DE688 /* Bubbles */ = {
			isa = PBXGroup;
			children = (
				B73CB84920E63A5200151982 /* Bubbles.entitlements */,
				CB08673820E71E8400BCEBEF /* Classes */,
				B707D7B520E6405700181227 /* Configuration */,
				B7E446E020E633D7006BF016 /* Core */,
				B74D211C20E1DBB7007DE688 /* AppDelegate.swift */,
				B74D212020E1DBB7007DE688 /* Main.storyboard */,
				B74D212320E1DBB8007DE688 /* Assets.xcassets */,
				B74D212520E1DBB8007DE688 /* LaunchScreen.storyboard */,
				B74D212820E1DBB8007DE688 /* Info.plist */,
			);
			path = Bubbles;
			sourceTree = "<group>";
		};
		B74D213020E1DBB9007DE688 /* BubblesTests */ = {
			isa = PBXGroup;
			children = (
				B74D213120E1DBB9007DE688 /* BubblesTests.swift */,
				B74D213320E1DBB9007DE688 /* Info.plist */,
			);
			path = BubblesTests;
			sourceTree = "<group>";
		};
		B74D213B20E1DBB9007DE688 /* BubblesUITests */ = {
			isa = PBXGroup;
			children = (
				B74D213C20E1DBB9007DE688 /* BubblesUITests.swift */,
				B74D213E20E1DBB9007DE688 /* Info.plist */,
			);
			path = BubblesUITests;
			sourceTree = "<group>";
		};
		B7967A0E20F3611A008F4445 /* Home */ = {
			isa = PBXGroup;
			children = (
				B7967A1320F3682D008F4445 /* scene */,
				B7967A1220F3682D008F4445 /* view */,
			);
			path = Home;
			sourceTree = "<group>";
		};
		B7967A1220F3682D008F4445 /* view */ = {
			isa = PBXGroup;
			children = (
				B7967A1620F3685B008F4445 /* HomeNavbarDateView.swift */,
				B7967A1820F36E58008F4445 /* HomeCollectionCell.swift */,
			);
			path = view;
			sourceTree = "<group>";
		};
		B7967A1320F3682D008F4445 /* scene */ = {
			isa = PBXGroup;
			children = (
				B7967A1420F3682D008F4445 /* HomeScene.swift */,
			);
			path = scene;
			sourceTree = "<group>";
		};
		B7D6A41A20EB507E00846465 /* Checker */ = {
			isa = PBXGroup;
			children = (
				B7D6A41B20EB508A00846465 /* Checker.swift */,
				B7D6A41D20EB509B00846465 /* CheckerFactory.swift */,
			);
			path = Checker;
			sourceTree = "<group>";
		};
		B7E446E020E633D7006BF016 /* Core */ = {
			isa = PBXGroup;
			children = (
				B709C32B20EA365000B6CC83 /* BENetwork */,
				B73CB82E20E6353600151982 /* BEModule */,
				B7E446FA20E634A2006BF016 /* BEUIKit */,
			);
			path = Core;
			sourceTree = "<group>";
		};
		B7E446FA20E634A2006BF016 /* BEUIKit */ = {
			isa = PBXGroup;
			children = (
				B7E446FB20E634A2006BF016 /* UIMainFrame */,
				B7E446FE20E634A2006BF016 /* UIComponents */,
				B7E4470520E634A2006BF016 /* UICore */,
				B7E4470820E634A2006BF016 /* UIKitExtensions */,
			);
			path = BEUIKit;
			sourceTree = "<group>";
		};
		B7E446FB20E634A2006BF016 /* UIMainFrame */ = {
			isa = PBXGroup;
			children = (
				B7E446FC20E634A2006BF016 /* BEUINavigationController.swift */,
				CB08673420E685AB00BCEBEF /* BEUITabBarController.swift */,
				B709C32920E9F8D300B6CC83 /* BEUITableView.swift */,
				B709C32720E9D79F00B6CC83 /* BEUITableViewController.swift */,
				B7E446FD20E634A2006BF016 /* BEUIViewController.swift */,
			);
			path = UIMainFrame;
			sourceTree = "<group>";
		};
		B7E446FE20E634A2006BF016 /* UIComponents */ = {
			isa = PBXGroup;
			children = (
				B7E446FF20E634A2006BF016 /* UINavigationBarTransition */,
				B7E4470120E634A2006BF016 /* UINavigationTitleView */,
				B7E4470320E634A2006BF016 /* UINavigationBarAppearance */,
			);
			path = UIComponents;
			sourceTree = "<group>";
		};
		B7E446FF20E634A2006BF016 /* UINavigationBarTransition */ = {
			isa = PBXGroup;
			children = (
				B7E4470020E634A2006BF016 /* BEUINavigationBarTransition.swift */,
			);
			path = UINavigationBarTransition;
			sourceTree = "<group>";
		};
		B7E4470120E634A2006BF016 /* UINavigationTitleView */ = {
			isa = PBXGroup;
			children = (
				B7E4470220E634A2006BF016 /* BEUINavigationTitleView.swift */,
			);
			path = UINavigationTitleView;
			sourceTree = "<group>";
		};
		B7E4470320E634A2006BF016 /* UINavigationBarAppearance */ = {
			isa = PBXGroup;
			children = (
				B7E4470420E634A2006BF016 /* BEUINavigationBarAppearance.swift */,
			);
			path = UINavigationBarAppearance;
			sourceTree = "<group>";
		};
		B7E4470520E634A2006BF016 /* UICore */ = {
			isa = PBXGroup;
			children = (
				B7E4470620E634A2006BF016 /* BEUIStyle.swift */,
				B7E4470720E634A2006BF016 /* BEUIConfiguration.swift */,
			);
			path = UICore;
			sourceTree = "<group>";
		};
		B7E4470820E634A2006BF016 /* UIKitExtensions */ = {
			isa = PBXGroup;
			children = (
				B7E4470920E634A2006BF016 /* UIImage.swift */,
			);
			path = UIKitExtensions;
			sourceTree = "<group>";
		};
		CB08673820E71E8400BCEBEF /* Classes */ = {
			isa = PBXGroup;
			children = (
				B7967A0E20F3611A008F4445 /* Home */,
			);
			path = Classes;
			sourceTree = "<group>";
		};
/* End PBXGroup section */

/* Begin PBXNativeTarget section */
		B74D211820E1DBB7007DE688 /* Bubbles */ = {
			isa = PBXNativeTarget;
			buildConfigurationList = B74D214120E1DBB9007DE688 /* Build configuration list for PBXNativeTarget "Bubbles" */;
			buildPhases = (
				FDF45C9A5C0C6405FC04C246 /* [CP] Check Pods Manifest.lock */,
				B74D211520E1DBB7007DE688 /* Sources */,
				B74D211620E1DBB7007DE688 /* Frameworks */,
				B74D211720E1DBB7007DE688 /* Resources */,
				A1C3DAC3D0CBC505984843F1 /* [CP] Embed Pods Frameworks */,
			);
			buildRules = (
			);
			dependencies = (
			);
			name = Bubbles;
			productName = Bubbles;
			productReference = B74D211920E1DBB7007DE688 /* Bubbles.app */;
			productType = "com.apple.product-type.application";
		};
		B74D212C20E1DBB9007DE688 /* BubblesTests */ = {
			isa = PBXNativeTarget;
			buildConfigurationList = B74D214420E1DBB9007DE688 /* Build configuration list for PBXNativeTarget "BubblesTests" */;
			buildPhases = (
				B74D212920E1DBB9007DE688 /* Sources */,
				B74D212A20E1DBB9007DE688 /* Frameworks */,
				B74D212B20E1DBB9007DE688 /* Resources */,
			);
			buildRules = (
			);
			dependencies = (
				B74D212F20E1DBB9007DE688 /* PBXTargetDependency */,
			);
			name = BubblesTests;
			productName = BubblesTests;
			productReference = B74D212D20E1DBB9007DE688 /* BubblesTests.xctest */;
			productType = "com.apple.product-type.bundle.unit-test";
		};
		B74D213720E1DBB9007DE688 /* BubblesUITests */ = {
			isa = PBXNativeTarget;
			buildConfigurationList = B74D214720E1DBB9007DE688 /* Build configuration list for PBXNativeTarget "BubblesUITests" */;
			buildPhases = (
				B74D213420E1DBB9007DE688 /* Sources */,
				B74D213520E1DBB9007DE688 /* Frameworks */,
				B74D213620E1DBB9007DE688 /* Resources */,
			);
			buildRules = (
			);
			dependencies = (
				B74D213A20E1DBB9007DE688 /* PBXTargetDependency */,
			);
			name = BubblesUITests;
			productName = BubblesUITests;
			productReference = B74D213820E1DBB9007DE688 /* BubblesUITests.xctest */;
			productType = "com.apple.product-type.bundle.ui-testing";
		};
/* End PBXNativeTarget section */

/* Begin PBXProject section */
		B74D211120E1DBB7007DE688 /* Project object */ = {
			isa = PBXProject;
			attributes = {
				LastSwiftUpdateCheck = 1000;
				LastUpgradeCheck = 1000;
				ORGANIZATIONNAME = God;
				TargetAttributes = {
					B74D211820E1DBB7007DE688 = {
						CreatedOnToolsVersion = 10.0;
						SystemCapabilities = {
							com.apple.BackgroundModes = {
								enabled = 1;
							};
							com.apple.Push = {
								enabled = 1;
							};
						};
					};
					B74D212C20E1DBB9007DE688 = {
						CreatedOnToolsVersion = 10.0;
						TestTargetID = B74D211820E1DBB7007DE688;
					};
					B74D213720E1DBB9007DE688 = {
						CreatedOnToolsVersion = 10.0;
						TestTargetID = B74D211820E1DBB7007DE688;
					};
				};
			};
			buildConfigurationList = B74D211420E1DBB7007DE688 /* Build configuration list for PBXProject "Bubbles" */;
			compatibilityVersion = "Xcode 9.3";
			developmentRegion = en;
			hasScannedForEncodings = 0;
			knownRegions = (
				en,
				Base,
			);
			mainGroup = B74D211020E1DBB7007DE688;
			productRefGroup = B74D211A20E1DBB7007DE688 /* Products */;
			projectDirPath = "";
			projectRoot = "";
			targets = (
				B74D211820E1DBB7007DE688 /* Bubbles */,
				B74D212C20E1DBB9007DE688 /* BubblesTests */,
				B74D213720E1DBB9007DE688 /* BubblesUITests */,
			);
		};
/* End PBXProject section */

/* Begin PBXResourcesBuildPhase section */
		B74D211720E1DBB7007DE688 /* Resources */ = {
			isa = PBXResourcesBuildPhase;
			buildActionMask = 2147483647;
			files = (
				B74D212720E1DBB8007DE688 /* LaunchScreen.storyboard in Resources */,
				B74D212420E1DBB8007DE688 /* Assets.xcassets in Resources */,
				B74D212220E1DBB7007DE688 /* Main.storyboard in Resources */,
			);
			runOnlyForDeploymentPostprocessing = 0;
		};
		B74D212B20E1DBB9007DE688 /* Resources */ = {
			isa = PBXResourcesBuildPhase;
			buildActionMask = 2147483647;
			files = (
			);
			runOnlyForDeploymentPostprocessing = 0;
		};
		B74D213620E1DBB9007DE688 /* Resources */ = {
			isa = PBXResourcesBuildPhase;
			buildActionMask = 2147483647;
			files = (
			);
			runOnlyForDeploymentPostprocessing = 0;
		};
/* End PBXResourcesBuildPhase section */

/* Begin PBXShellScriptBuildPhase section */
		A1C3DAC3D0CBC505984843F1 /* [CP] Embed Pods Frameworks */ = {
			isa = PBXShellScriptBuildPhase;
			buildActionMask = 2147483647;
			files = (
			);
			inputPaths = (
				"${SRCROOT}/Pods/Target Support Files/Pods-Bubbles/Pods-Bubbles-frameworks.sh",
				"${BUILT_PRODUCTS_DIR}/Alamofire/Alamofire.framework",
				"${BUILT_PRODUCTS_DIR}/Cache/Cache.framework",
				"${BUILT_PRODUCTS_DIR}/HandyJSON/HandyJSON.framework",
				"${BUILT_PRODUCTS_DIR}/Moya/Moya.framework",
				"${BUILT_PRODUCTS_DIR}/Result/Result.framework",
				"${BUILT_PRODUCTS_DIR}/RxSwift/RxSwift.framework",
				"${BUILT_PRODUCTS_DIR}/SwiftyJSON/SwiftyJSON.framework",
				"${BUILT_PRODUCTS_DIR}/WCDB.swift/WCDBSwift.framework",
			);
			name = "[CP] Embed Pods Frameworks";
			outputPaths = (
				"${TARGET_BUILD_DIR}/${FRAMEWORKS_FOLDER_PATH}/Alamofire.framework",
				"${TARGET_BUILD_DIR}/${FRAMEWORKS_FOLDER_PATH}/Cache.framework",
				"${TARGET_BUILD_DIR}/${FRAMEWORKS_FOLDER_PATH}/HandyJSON.framework",
				"${TARGET_BUILD_DIR}/${FRAMEWORKS_FOLDER_PATH}/Moya.framework",
				"${TARGET_BUILD_DIR}/${FRAMEWORKS_FOLDER_PATH}/Result.framework",
				"${TARGET_BUILD_DIR}/${FRAMEWORKS_FOLDER_PATH}/RxSwift.framework",
				"${TARGET_BUILD_DIR}/${FRAMEWORKS_FOLDER_PATH}/SwiftyJSON.framework",
				"${TARGET_BUILD_DIR}/${FRAMEWORKS_FOLDER_PATH}/WCDBSwift.framework",
			);
			runOnlyForDeploymentPostprocessing = 0;
			shellPath = /bin/sh;
			shellScript = "\"${SRCROOT}/Pods/Target Support Files/Pods-Bubbles/Pods-Bubbles-frameworks.sh\"\n";
			showEnvVarsInLog = 0;
		};
		FDF45C9A5C0C6405FC04C246 /* [CP] Check Pods Manifest.lock */ = {
			isa = PBXShellScriptBuildPhase;
			buildActionMask = 2147483647;
			files = (
			);
			inputPaths = (
				"${PODS_PODFILE_DIR_PATH}/Podfile.lock",
				"${PODS_ROOT}/Manifest.lock",
			);
			name = "[CP] Check Pods Manifest.lock";
			outputPaths = (
				"$(DERIVED_FILE_DIR)/Pods-Bubbles-checkManifestLockResult.txt",
			);
			runOnlyForDeploymentPostprocessing = 0;
			shellPath = /bin/sh;
			shellScript = "diff \"${PODS_PODFILE_DIR_PATH}/Podfile.lock\" \"${PODS_ROOT}/Manifest.lock\" > /dev/null\nif [ $? != 0 ] ; then\n    # print error to STDERR\n    echo \"error: The sandbox is not in sync with the Podfile.lock. Run 'pod install' or update your CocoaPods installation.\" >&2\n    exit 1\nfi\n# This output is used by Xcode 'outputs' to avoid re-running this script phase.\necho \"SUCCESS\" > \"${SCRIPT_OUTPUT_FILE_0}\"\n";
			showEnvVarsInLog = 0;
		};
/* End PBXShellScriptBuildPhase section */

/* Begin PBXSourcesBuildPhase section */
		B74D211520E1DBB7007DE688 /* Sources */ = {
			isa = PBXSourcesBuildPhase;
			buildActionMask = 2147483647;
			files = (
				B73CB84320E6353700151982 /* ServiceError.swift in Sources */,
				B7967A1720F3685B008F4445 /* HomeNavbarDateView.swift in Sources */,
				B709C35120EA365000B6CC83 /* ObservableExtension.swift in Sources */,
				B709C35720EA365100B6CC83 /* LogPlugin.swift in Sources */,
				B73CB84120E6353700151982 /* ModuleService.swift in Sources */,
				B709C34D20EA365000B6CC83 /* Bean.swift in Sources */,
				B709C32820E9D79F00B6CC83 /* BEUITableViewController.swift in Sources */,
				B7967A1520F3682E008F4445 /* HomeScene.swift in Sources */,
				B73CB83C20E6353700151982 /* Service.swift in Sources */,
				B7E4471220E634A2006BF016 /* UIImage.swift in Sources */,
				B709C35020EA365000B6CC83 /* CachePolicy.swift in Sources */,
				B73CB84720E6353700151982 /* Module.swift in Sources */,
				B709C35320EA365100B6CC83 /* DictionaryExtension.swift in Sources */,
				B7E4470B20E634A2006BF016 /* BEUINavigationController.swift in Sources */,
				B73CB84220E6353700151982 /* Context.swift in Sources */,
				B7D6A41C20EB508A00846465 /* Checker.swift in Sources */,
				B7967A1920F36E58008F4445 /* HomeCollectionCell.swift in Sources */,
				B709C35620EA365100B6CC83 /* PreparePlugin.swift in Sources */,
				B73CB83E20E6353700151982 /* ModuleDelegate.swift in Sources */,
				B7E4470F20E634A2006BF016 /* BEUINavigationBarAppearance.swift in Sources */,
				B7E4470C20E634A2006BF016 /* BEUIViewController.swift in Sources */,
				B7E4471020E634A2006BF016 /* BEUIStyle.swift in Sources */,
				B73CB84820E6353700151982 /* ModuleError.swift in Sources */,
				B7E4470D20E634A2006BF016 /* BEUINavigationBarTransition.swift in Sources */,
				B73CB84620E6353700151982 /* ModuleLogger.swift in Sources */,
				B7E4471120E634A2006BF016 /* BEUIConfiguration.swift in Sources */,
				B7D6A41E20EB509B00846465 /* CheckerFactory.swift in Sources */,
				B73CB83F20E6353700151982 /* ModuleLoader.swift in Sources */,
				B7E4470E20E634A2006BF016 /* BEUINavigationTitleView.swift in Sources */,
				B709C34C20EA365000B6CC83 /* Config.swift in Sources */,
				B73CB84420E6353700151982 /* ModuleConfig.swift in Sources */,
				CB08673520E685AB00BCEBEF /* BEUITabBarController.swift in Sources */,
				B709C35220EA365100B6CC83 /* MoyaProviderExtension.swift in Sources */,
				B709C34A20EA365000B6CC83 /* TaskEx.swift in Sources */,
				B709C34B20EA365000B6CC83 /* CoreError.swift in Sources */,
				B709C35820EA365100B6CC83 /* PreludePlugin.swift in Sources */,
				B709C35420EA365100B6CC83 /* Enum.swift in Sources */,
				B73CB84020E6353700151982 /* ServiceManager.swift in Sources */,
				B709C32A20E9F8D300B6CC83 /* BEUITableView.swift in Sources */,
				B73CB84520E6353700151982 /* ModuleManager.swift in Sources */,
				B709C34920EA365000B6CC83 /* CacheCore.swift in Sources */,
				B709C34F20EA365000B6CC83 /* Core.swift in Sources */,
				B73CB83D20E6353700151982 /* Event.swift in Sources */,
				B709C35520EA365100B6CC83 /* CachePlugin.swift in Sources */,
				B74D211D20E1DBB7007DE688 /* AppDelegate.swift in Sources */,
				B709C35920EA365100B6CC83 /* ProcessPlugin.swift in Sources */,
				B707D7B820E6409500181227 /* UIStyle.swift in Sources */,
			);
			runOnlyForDeploymentPostprocessing = 0;
		};
		B74D212920E1DBB9007DE688 /* Sources */ = {
			isa = PBXSourcesBuildPhase;
			buildActionMask = 2147483647;
			files = (
				B74D213220E1DBB9007DE688 /* BubblesTests.swift in Sources */,
			);
			runOnlyForDeploymentPostprocessing = 0;
		};
		B74D213420E1DBB9007DE688 /* Sources */ = {
			isa = PBXSourcesBuildPhase;
			buildActionMask = 2147483647;
			files = (
				B74D213D20E1DBB9007DE688 /* BubblesUITests.swift in Sources */,
			);
			runOnlyForDeploymentPostprocessing = 0;
		};
/* End PBXSourcesBuildPhase section */

/* Begin PBXTargetDependency section */
		B74D212F20E1DBB9007DE688 /* PBXTargetDependency */ = {
			isa = PBXTargetDependency;
			target = B74D211820E1DBB7007DE688 /* Bubbles */;
			targetProxy = B74D212E20E1DBB9007DE688 /* PBXContainerItemProxy */;
		};
		B74D213A20E1DBB9007DE688 /* PBXTargetDependency */ = {
			isa = PBXTargetDependency;
			target = B74D211820E1DBB7007DE688 /* Bubbles */;
			targetProxy = B74D213920E1DBB9007DE688 /* PBXContainerItemProxy */;
		};
/* End PBXTargetDependency section */

/* Begin PBXVariantGroup section */
		B74D212020E1DBB7007DE688 /* Main.storyboard */ = {
			isa = PBXVariantGroup;
			children = (
				B74D212120E1DBB7007DE688 /* Base */,
			);
			name = Main.storyboard;
			sourceTree = "<group>";
		};
		B74D212520E1DBB8007DE688 /* LaunchScreen.storyboard */ = {
			isa = PBXVariantGroup;
			children = (
				B74D212620E1DBB8007DE688 /* Base */,
			);
			name = LaunchScreen.storyboard;
			sourceTree = "<group>";
		};
/* End PBXVariantGroup section */

/* Begin XCBuildConfiguration section */
		B74D213F20E1DBB9007DE688 /* Debug */ = {
			isa = XCBuildConfiguration;
			buildSettings = {
				ALWAYS_SEARCH_USER_PATHS = NO;
				CLANG_ANALYZER_NONNULL = YES;
				CLANG_ANALYZER_NUMBER_OBJECT_CONVERSION = YES_AGGRESSIVE;
				CLANG_CXX_LANGUAGE_STANDARD = "gnu++14";
				CLANG_CXX_LIBRARY = "libc++";
				CLANG_ENABLE_MODULES = YES;
				CLANG_ENABLE_OBJC_ARC = YES;
				CLANG_ENABLE_OBJC_WEAK = YES;
				CLANG_WARN_BLOCK_CAPTURE_AUTORELEASING = YES;
				CLANG_WARN_BOOL_CONVERSION = YES;
				CLANG_WARN_COMMA = YES;
				CLANG_WARN_CONSTANT_CONVERSION = YES;
				CLANG_WARN_DEPRECATED_OBJC_IMPLEMENTATIONS = YES;
				CLANG_WARN_DIRECT_OBJC_ISA_USAGE = YES_ERROR;
				CLANG_WARN_DOCUMENTATION_COMMENTS = YES;
				CLANG_WARN_EMPTY_BODY = YES;
				CLANG_WARN_ENUM_CONVERSION = YES;
				CLANG_WARN_INFINITE_RECURSION = YES;
				CLANG_WARN_INT_CONVERSION = YES;
				CLANG_WARN_NON_LITERAL_NULL_CONVERSION = YES;
				CLANG_WARN_OBJC_IMPLICIT_RETAIN_SELF = YES;
				CLANG_WARN_OBJC_LITERAL_CONVERSION = YES;
				CLANG_WARN_OBJC_ROOT_CLASS = YES_ERROR;
				CLANG_WARN_RANGE_LOOP_ANALYSIS = YES;
				CLANG_WARN_STRICT_PROTOTYPES = YES;
				CLANG_WARN_SUSPICIOUS_MOVE = YES;
				CLANG_WARN_UNGUARDED_AVAILABILITY = YES_AGGRESSIVE;
				CLANG_WARN_UNREACHABLE_CODE = YES;
				CLANG_WARN__DUPLICATE_METHOD_MATCH = YES;
				CODE_SIGN_IDENTITY = "iPhone Developer";
				COPY_PHASE_STRIP = NO;
				DEBUG_INFORMATION_FORMAT = dwarf;
				ENABLE_STRICT_OBJC_MSGSEND = YES;
				ENABLE_TESTABILITY = YES;
				GCC_C_LANGUAGE_STANDARD = gnu11;
				GCC_DYNAMIC_NO_PIC = NO;
				GCC_NO_COMMON_BLOCKS = YES;
				GCC_OPTIMIZATION_LEVEL = 0;
				GCC_PREPROCESSOR_DEFINITIONS = (
					"DEBUG=1",
					"$(inherited)",
				);
				GCC_WARN_64_TO_32_BIT_CONVERSION = YES;
				GCC_WARN_ABOUT_RETURN_TYPE = YES_ERROR;
				GCC_WARN_UNDECLARED_SELECTOR = YES;
				GCC_WARN_UNINITIALIZED_AUTOS = YES_AGGRESSIVE;
				GCC_WARN_UNUSED_FUNCTION = YES;
				GCC_WARN_UNUSED_VARIABLE = YES;
				IPHONEOS_DEPLOYMENT_TARGET = 12.0;
				MTL_ENABLE_DEBUG_INFO = INCLUDE_SOURCE;
				ONLY_ACTIVE_ARCH = YES;
				SDKROOT = iphoneos;
				SWIFT_ACTIVE_COMPILATION_CONDITIONS = DEBUG;
				SWIFT_OPTIMIZATION_LEVEL = "-Onone";
			};
			name = Debug;
		};
		B74D214020E1DBB9007DE688 /* Release */ = {
			isa = XCBuildConfiguration;
			buildSettings = {
				ALWAYS_SEARCH_USER_PATHS = NO;
				CLANG_ANALYZER_NONNULL = YES;
				CLANG_ANALYZER_NUMBER_OBJECT_CONVERSION = YES_AGGRESSIVE;
				CLANG_CXX_LANGUAGE_STANDARD = "gnu++14";
				CLANG_CXX_LIBRARY = "libc++";
				CLANG_ENABLE_MODULES = YES;
				CLANG_ENABLE_OBJC_ARC = YES;
				CLANG_ENABLE_OBJC_WEAK = YES;
				CLANG_WARN_BLOCK_CAPTURE_AUTORELEASING = YES;
				CLANG_WARN_BOOL_CONVERSION = YES;
				CLANG_WARN_COMMA = YES;
				CLANG_WARN_CONSTANT_CONVERSION = YES;
				CLANG_WARN_DEPRECATED_OBJC_IMPLEMENTATIONS = YES;
				CLANG_WARN_DIRECT_OBJC_ISA_USAGE = YES_ERROR;
				CLANG_WARN_DOCUMENTATION_COMMENTS = YES;
				CLANG_WARN_EMPTY_BODY = YES;
				CLANG_WARN_ENUM_CONVERSION = YES;
				CLANG_WARN_INFINITE_RECURSION = YES;
				CLANG_WARN_INT_CONVERSION = YES;
				CLANG_WARN_NON_LITERAL_NULL_CONVERSION = YES;
				CLANG_WARN_OBJC_IMPLICIT_RETAIN_SELF = YES;
				CLANG_WARN_OBJC_LITERAL_CONVERSION = YES;
				CLANG_WARN_OBJC_ROOT_CLASS = YES_ERROR;
				CLANG_WARN_RANGE_LOOP_ANALYSIS = YES;
				CLANG_WARN_STRICT_PROTOTYPES = YES;
				CLANG_WARN_SUSPICIOUS_MOVE = YES;
				CLANG_WARN_UNGUARDED_AVAILABILITY = YES_AGGRESSIVE;
				CLANG_WARN_UNREACHABLE_CODE = YES;
				CLANG_WARN__DUPLICATE_METHOD_MATCH = YES;
				CODE_SIGN_IDENTITY = "iPhone Developer";
				COPY_PHASE_STRIP = NO;
				DEBUG_INFORMATION_FORMAT = "dwarf-with-dsym";
				ENABLE_NS_ASSERTIONS = NO;
				ENABLE_STRICT_OBJC_MSGSEND = YES;
				GCC_C_LANGUAGE_STANDARD = gnu11;
				GCC_NO_COMMON_BLOCKS = YES;
				GCC_WARN_64_TO_32_BIT_CONVERSION = YES;
				GCC_WARN_ABOUT_RETURN_TYPE = YES_ERROR;
				GCC_WARN_UNDECLARED_SELECTOR = YES;
				GCC_WARN_UNINITIALIZED_AUTOS = YES_AGGRESSIVE;
				GCC_WARN_UNUSED_FUNCTION = YES;
				GCC_WARN_UNUSED_VARIABLE = YES;
				IPHONEOS_DEPLOYMENT_TARGET = 12.0;
				MTL_ENABLE_DEBUG_INFO = NO;
				SDKROOT = iphoneos;
				SWIFT_COMPILATION_MODE = wholemodule;
				SWIFT_OPTIMIZATION_LEVEL = "-O";
				VALIDATE_PRODUCT = YES;
			};
			name = Release;
		};
		B74D214220E1DBB9007DE688 /* Debug */ = {
			isa = XCBuildConfiguration;
			baseConfigurationReference = 4448D3C7208CD2E352674AB3 /* Pods-Bubbles.debug.xcconfig */;
			buildSettings = {
				ASSETCATALOG_COMPILER_APPICON_NAME = AppIcon;
				CODE_SIGN_ENTITLEMENTS = Bubbles/Bubbles.entitlements;
				CODE_SIGN_STYLE = Automatic;
				DEVELOPMENT_TEAM = 7524R5UJ2G;
				INFOPLIST_FILE = Bubbles/Info.plist;
				IPHONEOS_DEPLOYMENT_TARGET = 9.0;
				LD_RUNPATH_SEARCH_PATHS = (
					"$(inherited)",
					"@executable_path/Frameworks",
				);
				PRODUCT_BUNDLE_IDENTIFIER = com.idoool.swift.Bubbles;
				PRODUCT_NAME = "$(TARGET_NAME)";
				SWIFT_VERSION = 4.0;
				TARGETED_DEVICE_FAMILY = "1,2";
			};
			name = Debug;
		};
		B74D214320E1DBB9007DE688 /* Release */ = {
			isa = XCBuildConfiguration;
			baseConfigurationReference = 6FA7B69225077F5056EB39D5 /* Pods-Bubbles.release.xcconfig */;
			buildSettings = {
				ASSETCATALOG_COMPILER_APPICON_NAME = AppIcon;
				CODE_SIGN_ENTITLEMENTS = Bubbles/Bubbles.entitlements;
				CODE_SIGN_STYLE = Automatic;
				DEVELOPMENT_TEAM = 7524R5UJ2G;
				INFOPLIST_FILE = Bubbles/Info.plist;
				IPHONEOS_DEPLOYMENT_TARGET = 9.0;
				LD_RUNPATH_SEARCH_PATHS = (
					"$(inherited)",
					"@executable_path/Frameworks",
				);
				PRODUCT_BUNDLE_IDENTIFIER = com.idoool.swift.Bubbles;
				PRODUCT_NAME = "$(TARGET_NAME)";
				SWIFT_VERSION = 4.0;
				TARGETED_DEVICE_FAMILY = "1,2";
			};
			name = Release;
		};
		B74D214520E1DBB9007DE688 /* Debug */ = {
			isa = XCBuildConfiguration;
			buildSettings = {
				ALWAYS_EMBED_SWIFT_STANDARD_LIBRARIES = YES;
				BUNDLE_LOADER = "$(TEST_HOST)";
				CODE_SIGN_STYLE = Automatic;
				DEVELOPMENT_TEAM = 7524R5UJ2G;
				INFOPLIST_FILE = BubblesTests/Info.plist;
				LD_RUNPATH_SEARCH_PATHS = (
					"$(inherited)",
					"@executable_path/Frameworks",
					"@loader_path/Frameworks",
				);
				PRODUCT_BUNDLE_IDENTIFIER = com.idoool.swift.BubblesTests;
				PRODUCT_NAME = "$(TARGET_NAME)";
				SWIFT_VERSION = 4.2;
				TARGETED_DEVICE_FAMILY = "1,2";
				TEST_HOST = "$(BUILT_PRODUCTS_DIR)/Bubbles.app/Bubbles";
			};
			name = Debug;
		};
		B74D214620E1DBB9007DE688 /* Release */ = {
			isa = XCBuildConfiguration;
			buildSettings = {
				ALWAYS_EMBED_SWIFT_STANDARD_LIBRARIES = YES;
				BUNDLE_LOADER = "$(TEST_HOST)";
				CODE_SIGN_STYLE = Automatic;
				DEVELOPMENT_TEAM = 7524R5UJ2G;
				INFOPLIST_FILE = BubblesTests/Info.plist;
				LD_RUNPATH_SEARCH_PATHS = (
					"$(inherited)",
					"@executable_path/Frameworks",
					"@loader_path/Frameworks",
				);
				PRODUCT_BUNDLE_IDENTIFIER = com.idoool.swift.BubblesTests;
				PRODUCT_NAME = "$(TARGET_NAME)";
				SWIFT_VERSION = 4.2;
				TARGETED_DEVICE_FAMILY = "1,2";
				TEST_HOST = "$(BUILT_PRODUCTS_DIR)/Bubbles.app/Bubbles";
			};
			name = Release;
		};
		B74D214820E1DBB9007DE688 /* Debug */ = {
			isa = XCBuildConfiguration;
			buildSettings = {
				ALWAYS_EMBED_SWIFT_STANDARD_LIBRARIES = YES;
				CODE_SIGN_STYLE = Automatic;
				DEVELOPMENT_TEAM = 7524R5UJ2G;
				INFOPLIST_FILE = BubblesUITests/Info.plist;
				LD_RUNPATH_SEARCH_PATHS = (
					"$(inherited)",
					"@executable_path/Frameworks",
					"@loader_path/Frameworks",
				);
				PRODUCT_BUNDLE_IDENTIFIER = com.idoool.swift.BubblesUITests;
				PRODUCT_NAME = "$(TARGET_NAME)";
				SWIFT_VERSION = 4.2;
				TARGETED_DEVICE_FAMILY = "1,2";
				TEST_TARGET_NAME = Bubbles;
			};
			name = Debug;
		};
		B74D214920E1DBB9007DE688 /* Release */ = {
			isa = XCBuildConfiguration;
			buildSettings = {
				ALWAYS_EMBED_SWIFT_STANDARD_LIBRARIES = YES;
				CODE_SIGN_STYLE = Automatic;
				DEVELOPMENT_TEAM = 7524R5UJ2G;
				INFOPLIST_FILE = BubblesUITests/Info.plist;
				LD_RUNPATH_SEARCH_PATHS = (
					"$(inherited)",
					"@executable_path/Frameworks",
					"@loader_path/Frameworks",
				);
				PRODUCT_BUNDLE_IDENTIFIER = com.idoool.swift.BubblesUITests;
				PRODUCT_NAME = "$(TARGET_NAME)";
				SWIFT_VERSION = 4.2;
				TARGETED_DEVICE_FAMILY = "1,2";
				TEST_TARGET_NAME = Bubbles;
			};
			name = Release;
		};
/* End XCBuildConfiguration section */

/* Begin XCConfigurationList section */
		B74D211420E1DBB7007DE688 /* Build configuration list for PBXProject "Bubbles" */ = {
			isa = XCConfigurationList;
			buildConfigurations = (
				B74D213F20E1DBB9007DE688 /* Debug */,
				B74D214020E1DBB9007DE688 /* Release */,
			);
			defaultConfigurationIsVisible = 0;
			defaultConfigurationName = Release;
		};
		B74D214120E1DBB9007DE688 /* Build configuration list for PBXNativeTarget "Bubbles" */ = {
			isa = XCConfigurationList;
			buildConfigurations = (
				B74D214220E1DBB9007DE688 /* Debug */,
				B74D214320E1DBB9007DE688 /* Release */,
			);
			defaultConfigurationIsVisible = 0;
			defaultConfigurationName = Release;
		};
		B74D214420E1DBB9007DE688 /* Build configuration list for PBXNativeTarget "BubblesTests" */ = {
			isa = XCConfigurationList;
			buildConfigurations = (
				B74D214520E1DBB9007DE688 /* Debug */,
				B74D214620E1DBB9007DE688 /* Release */,
			);
			defaultConfigurationIsVisible = 0;
			defaultConfigurationName = Release;
		};
		B74D214720E1DBB9007DE688 /* Build configuration list for PBXNativeTarget "BubblesUITests" */ = {
			isa = XCConfigurationList;
			buildConfigurations = (
				B74D214820E1DBB9007DE688 /* Debug */,
				B74D214920E1DBB9007DE688 /* Release */,
			);
			defaultConfigurationIsVisible = 0;
			defaultConfigurationName = Release;
		};
/* End XCConfigurationList section */
	};
	rootObject = B74D211120E1DBB7007DE688 /* Project object */;
}
